
Microsoft Visual Studio Solution File, Format Version 12.00
# Visual Studio Version 16
VisualStudioVersion = 16.0.30114.105
MinimumVisualStudioVersion = 10.0.40219.1
Project("{FAE04EC0-301F-11D3-BF4B-00C04F79EFBC}") = "XFUseAspNetCoreDI.Android", "XFUseAspNetCoreDI\XFUseAspNetCoreDI.Android\XFUseAspNetCoreDI.Android.csproj", "{F442EE0F-D6B1-4B06-AF10-A08719F94161}"
EndProject
Project("{FAE04EC0-301F-11D3-BF4B-00C04F79EFBC}") = "XFUseAspNetCoreDI.iOS", "XFUseAspNetCoreDI\XFUseAspNetCoreDI.iOS\XFUseAspNetCoreDI.iOS.csproj", "{3DA3D67B-00C9-4483-8913-D21DBDC9D1F7}"
EndProject
Project("{FAE04EC0-301F-11D3-BF4B-00C04F79EFBC}") = "XFUseAspNetCoreDI", "XFUseAspNetCoreDI\XFUseAspNetCoreDI\XFUseAspNetCoreDI.csproj", "{6B3B07FE-BEBC-481A-B204-1EBE188D3B56}"
EndProject
Global
	GlobalSection(SolutionConfigurationPlatforms) = preSolution
		Debug|Any CPU = Debug|Any CPU
		Debug|iPhone = Debug|iPhone
		Debug|iPhoneSimulator = Debug|iPhoneSimulator
		Release|Any CPU = Release|Any CPU
		Release|iPhone = Release|iPhone
		Release|iPhoneSimulator = Release|iPhoneSimulator
	EndGlobalSection
	GlobalSection(ProjectConfigurationPlatforms) = postSolution
		{F442EE0F-D6B1-4B06-AF10-A08719F94161}.Debug|Any CPU.ActiveCfg = Debug|Any CPU
		{F442EE0F-D6B1-4B06-AF10-A08719F94161}.Debug|Any CPU.Build.0 = Debug|Any CPU
		{F442EE0F-D6B1-4B06-AF10-A08719F94161}.Debug|Any CPU.Deploy.0 = Debug|Any CPU
		{F442EE0F-D6B1-4B06-AF10-A08719F94161}.Debug|iPhone.ActiveCfg = Debug|Any CPU
		{F442EE0F-D6B1-4B06-AF10-A08719F94161}.Debug|iPhone.Build.0 = Debug|Any CPU
		{F442EE0F-D6B1-4B06-AF10-A08719F94161}.Debug|iPhone.Deploy.0 = Debug|Any CPU
		{F442EE0F-D6B1-4B06-AF10-A08719F94161}.Debug|iPhoneSimulator.ActiveCfg = Debug|Any CPU
		{F442EE0F-D6B1-4B06-AF10-A08719F94161}.Debug|iPhoneSimulator.Build.0 = Debug|Any CPU
		{F442EE0F-D6B1-4B06-AF10-A08719F94161}.Debug|iPhoneSimulator.Deploy.0 = Debug|Any CPU
		{F442EE0F-D6B1-4B06-AF10-A08719F94161}.Release|Any CPU.ActiveCfg = Release|Any CPU
		{F442EE0F-D6B1-4B06-AF10-A08719F94161}.Release|Any CPU.Build.0 = Release|Any CPU
		{F442EE0F-D6B1-4B06-AF10-A08719F94161}.Release|Any CPU.Deploy.0 = Release|Any CPU
		{F442EE0F-D6B1-4B06-AF10-A08719F94161}.Release|iPhone.ActiveCfg = Release|Any CPU
		{F442EE0F-D6B1-4B06-AF10-A08719F94161}.Release|iPhone.Build.0 = Release|Any CPU
		{F442EE0F-D6B1-4B06-AF10-A08719F94161}.Release|iPhone.Deploy.0 = Release|Any CPU
		{F442EE0F-D6B1-4B06-AF10-A08719F94161}.Release|iPhoneSimulator.ActiveCfg = Release|Any CPU
		{F442EE0F-D6B1-4B06-AF10-A08719F94161}.Release|iPhoneSimulator.Build.0 = Release|Any CPU
		{F442EE0F-D6B1-4B06-AF10-A08719F94161}.Release|iPhoneSimulator.Deploy.0 = Release|Any CPU
		{3DA3D67B-00C9-4483-8913-D21DBDC9D1F7}.Debug|Any CPU.ActiveCfg = Debug|iPhone
		{3DA3D67B-00C9-4483-8913-D21DBDC9D1F7}.Debug|Any CPU.Build.0 = Debug|iPhone
		{3DA3D67B-00C9-4483-8913-D21DBDC9D1F7}.Debug|Any CPU.Deploy.0 = Debug|iPhone
		{3DA3D67B-00C9-4483-8913-D21DBDC9D1F7}.Debug|iPhone.ActiveCfg = Debug|iPhone
		{3DA3D67B-00C9-4483-8913-D21DBDC9D1F7}.Debug|iPhone.Build.0 = Debug|iPhone
		{3DA3D67B-00C9-4483-8913-D21DBDC9D1F7}.Debug|iPhone.Deploy.0 = Debug|iPhone
		{3DA3D67B-00C9-4483-8913-D21DBDC9D1F7}.Debug|iPhoneSimulator.ActiveCfg = Debug|iPhoneSimulator
		{3DA3D67B-00C9-4483-8913-D21DBDC9D1F7}.Debug|iPhoneSimulator.Build.0 = Debug|iPhoneSimulator
		{3DA3D67B-00C9-4483-8913-D21DBDC9D1F7}.Debug|iPhoneSimulator.Deploy.0 = Debug|iPhoneSimulator
		{3DA3D67B-00C9-4483-8913-D21DBDC9D1F7}.Release|Any CPU.ActiveCfg = Release|iPhone
		{3DA3D67B-00C9-4483-8913-D21DBDC9D1F7}.Release|Any CPU.Build.0 = Release|iPhone
		{3DA3D67B-00C9-4483-8913-D21DBDC9D1F7}.Release|Any CPU.Deploy.0 = Release|iPhone
		{3DA3D67B-00C9-4483-8913-D21DBDC9D1F7}.Release|iPhone.ActiveCfg = Release|iPhone
		{3DA3D67B-00C9-4483-8913-D21DBDC9D1F7}.Release|iPhone.Build.0 = Release|iPhone
		{3DA3D67B-00C9-4483-8913-D21DBDC9D1F7}.Release|iPhone.Deploy.0 = Release|iPhone
		{3DA3D67B-00C9-4483-8913-D21DBDC9D1F7}.Release|iPhoneSimulator.ActiveCfg = Release|iPhoneSimulator
		{3DA3D67B-00C9-4483-8913-D21DBDC9D1F7}.Release|iPhoneSimulator.Build.0 = Release|iPhoneSimulator
		{3DA3D67B-00C9-4483-8913-D21DBDC9D1F7}.Release|iPhoneSimulator.Deploy.0 = Release|iPhoneSimulator
		{6B3B07FE-BEBC-481A-B204-1EBE188D3B56}.Debug|Any CPU.ActiveCfg = Debug|Any CPU
		{6B3B07FE-BEBC-481A-B204-1EBE188D3B56}.Debug|Any CPU.Build.0 = Debug|Any CPU
		{6B3B07FE-BEBC-481A-B204-1EBE188D3B56}.Debug|Any CPU.Deploy.0 = Debug|Any CPU
		{6B3B07FE-BEBC-481A-B204-1EBE188D3B56}.Debug|iPhone.ActiveCfg = Debug|Any CPU
		{6B3B07FE-BEBC-481A-B204-1EBE188D3B56}.Debug|iPhone.Build.0 = Debug|Any CPU
		{6B3B07FE-BEBC-481A-B204-1EBE188D3B56}.Debug|iPhone.Deploy.0 = Debug|Any CPU
		{6B3B07FE-BEBC-481A-B204-1EBE188D3B56}.Debug|iPhoneSimulator.ActiveCfg = Debug|Any CPU
		{6B3B07FE-BEBC-481A-B204-1EBE188D3B56}.Debug|iPhoneSimulator.Build.0 = Debug|Any CPU
		{6B3B07FE-BEBC-481A-B204-1EBE188D3B56}.Debug|iPhoneSimulator.Deploy.0 = Debug|Any CPU
		{6B3B07FE-BEBC-481A-B204-1EBE188D3B56}.Release|Any CPU.ActiveCfg = Release|Any CPU
		{6B3B07FE-BEBC-481A-B204-1EBE188D3B56}.Release|Any CPU.Build.0 = Release|Any CPU
		{6B3B07FE-BEBC-481A-B204-1EBE188D3B56}.Release|Any CPU.Deploy.0 = Release|Any CPU
		{6B3B07FE-BEBC-481A-B204-1EBE188D3B56}.Release|iPhone.ActiveCfg = Release|Any CPU
		{6B3B07FE-BEBC-481A-B204-1EBE188D3B56}.Release|iPhone.Build.0 = Release|Any CPU
		{6B3B07FE-BEBC-481A-B204-1EBE188D3B56}.Release|iPhone.Deploy.0 = Release|Any CPU
		{6B3B07FE-BEBC-481A-B204-1EBE188D3B56}.Release|iPhoneSimulator.ActiveCfg = Release|Any CPU
		{6B3B07FE-BEBC-481A-B204-1EBE188D3B56}.Release|iPhoneSimulator.Build.0 = Release|Any CPU
		{6B3B07FE-BEBC-481A-B204-1EBE188D3B56}.Release|iPhoneSimulator.Deploy.0 = Release|Any CPU
	EndGlobalSection
	GlobalSection(SolutionProperties) = preSolution
		HideSolutionNode = FALSE
	EndGlobalSection
	GlobalSection(ExtensibilityGlobals) = postSolution
		SolutionGuid = {95D42176-E5F6-4B25-8F77-2A2ECDBEE41C}
	EndGlobalSection
EndGlobal
